// !$*UTF8*$!
{
	archiveVersion = 1;
	classes = {
	};
	objectVersion = 56;
	objects = {

/* Begin PBXBuildFile section */
		805A6E1E2B2218A300EC7759 /* Game1View.swift in Sources */ = {isa = PBXBuildFile; fileRef = 805A6E1D2B2218A300EC7759 /* Game1View.swift */; };
		805A6E202B221C0400EC7759 /* SWiftNFC.swift in Sources */ = {isa = PBXBuildFile; fileRef = 805A6E1F2B221C0400EC7759 /* SWiftNFC.swift */; };
		805FD2052B2B249100149257 /* StoryView.swift in Sources */ = {isa = PBXBuildFile; fileRef = 805FD2042B2B249100149257 /* StoryView.swift */; };
		80A491E12B208AA200104269 /* StoryTellingNFCApp.swift in Sources */ = {isa = PBXBuildFile; fileRef = 80A491E02B208AA200104269 /* StoryTellingNFCApp.swift */; };
		80A491E32B208AA200104269 /* ContentView.swift in Sources */ = {isa = PBXBuildFile; fileRef = 80A491E22B208AA200104269 /* ContentView.swift */; };
		80A491E52B208AA300104269 /* Assets.xcassets in Resources */ = {isa = PBXBuildFile; fileRef = 80A491E42B208AA300104269 /* Assets.xcassets */; };
		80A491E82B208AA300104269 /* Preview Assets.xcassets in Resources */ = {isa = PBXBuildFile; fileRef = 80A491E72B208AA300104269 /* Preview Assets.xcassets */; };
		80A491F12B208AE600104269 /* SwiftNFC in Frameworks */ = {isa = PBXBuildFile; productRef = 80A491F02B208AE600104269 /* SwiftNFC */; };
		80A491F32B20A53A00104269 /* ScanningNFCView.swift in Sources */ = {isa = PBXBuildFile; fileRef = 80A491F22B20A53A00104269 /* ScanningNFCView.swift */; };
/* End PBXBuildFile section */

/* Begin PBXFileReference section */
		805A6E1D2B2218A300EC7759 /* Game1View.swift */ = {isa = PBXFileReference; lastKnownFileType = sourcecode.swift; path = Game1View.swift; sourceTree = "<group>"; tabWidth = 4; usesTabs = 0; };
		805A6E1F2B221C0400EC7759 /* SWiftNFC.swift */ = {isa = PBXFileReference; lastKnownFileType = sourcecode.swift; path = SWiftNFC.swift; sourceTree = "<group>"; };
		805FD2042B2B249100149257 /* StoryView.swift */ = {isa = PBXFileReference; lastKnownFileType = sourcecode.swift; path = StoryView.swift; sourceTree = "<group>"; };
		80A491DD2B208AA200104269 /* StoryTellingNFC.app */ = {isa = PBXFileReference; explicitFileType = wrapper.application; includeInIndex = 0; path = StoryTellingNFC.app; sourceTree = BUILT_PRODUCTS_DIR; };
		80A491E02B208AA200104269 /* StoryTellingNFCApp.swift */ = {isa = PBXFileReference; lastKnownFileType = sourcecode.swift; path = StoryTellingNFCApp.swift; sourceTree = "<group>"; };
		80A491E22B208AA200104269 /* ContentView.swift */ = {isa = PBXFileReference; lastKnownFileType = sourcecode.swift; path = ContentView.swift; sourceTree = "<group>"; };
		80A491E42B208AA300104269 /* Assets.xcassets */ = {isa = PBXFileReference; lastKnownFileType = folder.assetcatalog; path = Assets.xcassets; sourceTree = "<group>"; };
		80A491E72B208AA300104269 /* Preview Assets.xcassets */ = {isa = PBXFileReference; lastKnownFileType = folder.assetcatalog; path = "Preview Assets.xcassets"; sourceTree = "<group>"; };
		80A491EE2B208AD000104269 /* StoryTellingNFC.entitlements */ = {isa = PBXFileReference; lastKnownFileType = text.plist.entitlements; path = StoryTellingNFC.entitlements; sourceTree = "<group>"; };
		80A491F22B20A53A00104269 /* ScanningNFCView.swift */ = {isa = PBXFileReference; lastKnownFileType = sourcecode.swift; path = ScanningNFCView.swift; sourceTree = "<group>"; };
/* End PBXFileReference section */

/* Begin PBXFrameworksBuildPhase section */
		80A491DA2B208AA200104269 /* Frameworks */ = {
			isa = PBXFrameworksBuildPhase;
			buildActionMask = 2147483647;
			files = (
				80A491F12B208AE600104269 /* SwiftNFC in Frameworks */,
			);
			runOnlyForDeploymentPostprocessing = 0;
		};
/* End PBXFrameworksBuildPhase section */

/* Begin PBXGroup section */
		80A491D42B208AA100104269 = {
			isa = PBXGroup;
			children = (
				805FD2042B2B249100149257 /* StoryView.swift */,
				80A491DF2B208AA200104269 /* StoryTellingNFC */,
				80A491DE2B208AA200104269 /* Products */,
			);
			sourceTree = "<group>";
		};
		80A491DE2B208AA200104269 /* Products */ = {
			isa = PBXGroup;
			children = (
				80A491DD2B208AA200104269 /* StoryTellingNFC.app */,
			);
			name = Products;
			sourceTree = "<group>";
		};
		80A491DF2B208AA200104269 /* StoryTellingNFC */ = {
			isa = PBXGroup;
			children = (
				80A491EE2B208AD000104269 /* StoryTellingNFC.entitlements */,
				80A491E02B208AA200104269 /* StoryTellingNFCApp.swift */,
				80A491E22B208AA200104269 /* ContentView.swift */,
				80A491E42B208AA300104269 /* Assets.xcassets */,
				80A491E62B208AA300104269 /* Preview Content */,
				80A491F22B20A53A00104269 /* ScanningNFCView.swift */,
				805A6E1F2B221C0400EC7759 /* SWiftNFC.swift */,
				805A6E1D2B2218A300EC7759 /* Game1View.swift */,
			);
			path = StoryTellingNFC;
			sourceTree = "<group>";
		};
		80A491E62B208AA300104269 /* Preview Content */ = {
			isa = PBXGroup;
			children = (
				80A491E72B208AA300104269 /* Preview Assets.xcassets */,
			);
			path = "Preview Content";
			sourceTree = "<group>";
		};
/* End PBXGroup section */

/* Begin PBXNativeTarget section */
		80A491DC2B208AA200104269 /* StoryTellingNFC */ = {
			isa = PBXNativeTarget;
			buildConfigurationList = 80A491EB2B208AA300104269 /* Build configuration list for PBXNativeTarget "StoryTellingNFC" */;
			buildPhases = (
				80A491D92B208AA200104269 /* Sources */,
				80A491DA2B208AA200104269 /* Frameworks */,
				80A491DB2B208AA200104269 /* Resources */,
			);
			buildRules = (
			);
			dependencies = (
			);
			name = StoryTellingNFC;
			packageProductDependencies = (
				80A491F02B208AE600104269 /* SwiftNFC */,
			);
			productName = StoryTellingNFC;
			productReference = 80A491DD2B208AA200104269 /* StoryTellingNFC.app */;
			productType = "com.apple.product-type.application";
		};
/* End PBXNativeTarget section */

/* Begin PBXProject section */
		80A491D52B208AA100104269 /* Project object */ = {
			isa = PBXProject;
			attributes = {
				BuildIndependentTargetsInParallel = 1;
				LastSwiftUpdateCheck = 1500;
				LastUpgradeCheck = 1500;
				TargetAttributes = {
					80A491DC2B208AA200104269 = {
						CreatedOnToolsVersion = 15.0.1;
					};
				};
			};
			buildConfigurationList = 80A491D82B208AA100104269 /* Build configuration list for PBXProject "StoryTellingNFC" */;
			compatibilityVersion = "Xcode 14.0";
			developmentRegion = en;
			hasScannedForEncodings = 0;
			knownRegions = (
				en,
				Base,
			);
			mainGroup = 80A491D42B208AA100104269;
			packageReferences = (
				80A491EF2B208AE600104269 /* XCRemoteSwiftPackageReference "SwiftNFC" */,
			);
			productRefGroup = 80A491DE2B208AA200104269 /* Products */;
			projectDirPath = "";
			projectRoot = "";
			targets = (
				80A491DC2B208AA200104269 /* StoryTellingNFC */,
			);
		};
/* End PBXProject section */

/* Begin PBXResourcesBuildPhase section */
		80A491DB2B208AA200104269 /* Resources */ = {
			isa = PBXResourcesBuildPhase;
			buildActionMask = 2147483647;
			files = (
				80A491E82B208AA300104269 /* Preview Assets.xcassets in Resources */,
				80A491E52B208AA300104269 /* Assets.xcassets in Resources */,
			);
			runOnlyForDeploymentPostprocessing = 0;
		};
/* End PBXResourcesBuildPhase section */

/* Begin PBXSourcesBuildPhase section */
		80A491D92B208AA200104269 /* Sources */ = {
			isa = PBXSourcesBuildPhase;
			buildActionMask = 2147483647;
			files = (
				805FD2052B2B249100149257 /* StoryView.swift in Sources */,
				805A6E1E2B2218A300EC7759 /* Game1View.swift in Sources */,
				80A491E32B208AA200104269 /* ContentView.swift in Sources */,
				805A6E202B221C0400EC7759 /* SWiftNFC.swift in Sources */,
				80A491F32B20A53A00104269 /* ScanningNFCView.swift in Sources */,
				80A491E12B208AA200104269 /* StoryTellingNFCApp.swift in Sources */,
			);
			runOnlyForDeploymentPostprocessing = 0;
		};
/* End PBXSourcesBuildPhase section */

/* Begin XCBuildConfiguration section */
		80A491E92B208AA300104269 /* Debug */ = {
			isa = XCBuildConfiguration;
			buildSettings = {
				ALWAYS_SEARCH_USER_PATHS = NO;
				ASSETCATALOG_COMPILER_GENERATE_SWIFT_ASSET_SYMBOL_EXTENSIONS = YES;
				CLANG_ANALYZER_NONNULL = YES;
				CLANG_ANALYZER_NUMBER_OBJECT_CONVERSION = YES_AGGRESSIVE;
				CLANG_CXX_LANGUAGE_STANDARD = "gnu++20";
				CLANG_ENABLE_MODULES = YES;
				CLANG_ENABLE_OBJC_ARC = YES;
				CLANG_ENABLE_OBJC_WEAK = YES;
				CLANG_WARN_BLOCK_CAPTURE_AUTORELEASING = YES;
				CLANG_WARN_BOOL_CONVERSION = YES;
				CLANG_WARN_COMMA = YES;
				CLANG_WARN_CONSTANT_CONVERSION = YES;
				CLANG_WARN_DEPRECATED_OBJC_IMPLEMENTATIONS = YES;
				CLANG_WARN_DIRECT_OBJC_ISA_USAGE = YES_ERROR;
				CLANG_WARN_DOCUMENTATION_COMMENTS = YES;
				CLANG_WARN_EMPTY_BODY = YES;
				CLANG_WARN_ENUM_CONVERSION = YES;
				CLANG_WARN_INFINITE_RECURSION = YES;
				CLANG_WARN_INT_CONVERSION = YES;
				CLANG_WARN_NON_LITERAL_NULL_CONVERSION = YES;
				CLANG_WARN_OBJC_IMPLICIT_RETAIN_SELF = YES;
				CLANG_WARN_OBJC_LITERAL_CONVERSION = YES;
				CLANG_WARN_OBJC_ROOT_CLASS = YES_ERROR;
				CLANG_WARN_QUOTED_INCLUDE_IN_FRAMEWORK_HEADER = YES;
				CLANG_WARN_RANGE_LOOP_ANALYSIS = YES;
				CLANG_WARN_STRICT_PROTOTYPES = YES;
				CLANG_WARN_SUSPICIOUS_MOVE = YES;
				CLANG_WARN_UNGUARDED_AVAILABILITY = YES_AGGRESSIVE;
				CLANG_WARN_UNREACHABLE_CODE = YES;
				CLANG_WARN__DUPLICATE_METHOD_MATCH = YES;
				COPY_PHASE_STRIP = NO;
				DEBUG_INFORMATION_FORMAT = dwarf;
				ENABLE_STRICT_OBJC_MSGSEND = YES;
				ENABLE_TESTABILITY = YES;
				ENABLE_USER_SCRIPT_SANDBOXING = YES;
				GCC_C_LANGUAGE_STANDARD = gnu17;
				GCC_DYNAMIC_NO_PIC = NO;
				GCC_NO_COMMON_BLOCKS = YES;
				GCC_OPTIMIZATION_LEVEL = 0;
				GCC_PREPROCESSOR_DEFINITIONS = (
					"DEBUG=1",
					"$(inherited)",
				);
				GCC_WARN_64_TO_32_BIT_CONVERSION = YES;
				GCC_WARN_ABOUT_RETURN_TYPE = YES_ERROR;
				GCC_WARN_UNDECLARED_SELECTOR = YES;
				GCC_WARN_UNINITIALIZED_AUTOS = YES_AGGRESSIVE;
				GCC_WARN_UNUSED_FUNCTION = YES;
				GCC_WARN_UNUSED_VARIABLE = YES;
				IPHONEOS_DEPLOYMENT_TARGET = 17.0;
				LOCALIZATION_PREFERS_STRING_CATALOGS = YES;
				MTL_ENABLE_DEBUG_INFO = INCLUDE_SOURCE;
				MTL_FAST_MATH = YES;
				ONLY_ACTIVE_ARCH = YES;
				SDKROOT = iphoneos;
				SWIFT_ACTIVE_COMPILATION_CONDITIONS = "DEBUG $(inherited)";
				SWIFT_OPTIMIZATION_LEVEL = "-Onone";
			};
			name = Debug;
		};
		80A491EA2B208AA300104269 /* Release */ = {
			isa = XCBuildConfiguration;
			buildSettings = {
				ALWAYS_SEARCH_USER_PATHS = NO;
				ASSETCATALOG_COMPILER_GENERATE_SWIFT_ASSET_SYMBOL_EXTENSIONS = YES;
				CLANG_ANALYZER_NONNULL = YES;
				CLANG_ANALYZER_NUMBER_OBJECT_CONVERSION = YES_AGGRESSIVE;
				CLANG_CXX_LANGUAGE_STANDARD = "gnu++20";
				CLANG_ENABLE_MODULES = YES;
				CLANG_ENABLE_OBJC_ARC = YES;
				CLANG_ENABLE_OBJC_WEAK = YES;
				CLANG_WARN_BLOCK_CAPTURE_AUTORELEASING = YES;
				CLANG_WARN_BOOL_CONVERSION = YES;
				CLANG_WARN_COMMA = YES;
				CLANG_WARN_CONSTANT_CONVERSION = YES;
				CLANG_WARN_DEPRECATED_OBJC_IMPLEMENTATIONS = YES;
				CLANG_WARN_DIRECT_OBJC_ISA_USAGE = YES_ERROR;
				CLANG_WARN_DOCUMENTATION_COMMENTS = YES;
				CLANG_WARN_EMPTY_BODY = YES;
				CLANG_WARN_ENUM_CONVERSION = YES;
				CLANG_WARN_INFINITE_RECURSION = YES;
				CLANG_WARN_INT_CONVERSION = YES;
				CLANG_WARN_NON_LITERAL_NULL_CONVERSION = YES;
				CLANG_WARN_OBJC_IMPLICIT_RETAIN_SELF = YES;
				CLANG_WARN_OBJC_LITERAL_CONVERSION = YES;
				CLANG_WARN_OBJC_ROOT_CLASS = YES_ERROR;
				CLANG_WARN_QUOTED_INCLUDE_IN_FRAMEWORK_HEADER = YES;
				CLANG_WARN_RANGE_LOOP_ANALYSIS = YES;
				CLANG_WARN_STRICT_PROTOTYPES = YES;
				CLANG_WARN_SUSPICIOUS_MOVE = YES;
				CLANG_WARN_UNGUARDED_AVAILABILITY = YES_AGGRESSIVE;
				CLANG_WARN_UNREACHABLE_CODE = YES;
				CLANG_WARN__DUPLICATE_METHOD_MATCH = YES;
				COPY_PHASE_STRIP = NO;
				DEBUG_INFORMATION_FORMAT = "dwarf-with-dsym";
				ENABLE_NS_ASSERTIONS = NO;
				ENABLE_STRICT_OBJC_MSGSEND = YES;
				ENABLE_USER_SCRIPT_SANDBOXING = YES;
				GCC_C_LANGUAGE_STANDARD = gnu17;
				GCC_NO_COMMON_BLOCKS = YES;
				GCC_WARN_64_TO_32_BIT_CONVERSION = YES;
				GCC_WARN_ABOUT_RETURN_TYPE = YES_ERROR;
				GCC_WARN_UNDECLARED_SELECTOR = YES;
				GCC_WARN_UNINITIALIZED_AUTOS = YES_AGGRESSIVE;
				GCC_WARN_UNUSED_FUNCTION = YES;
				GCC_WARN_UNUSED_VARIABLE = YES;
				IPHONEOS_DEPLOYMENT_TARGET = 17.0;
				LOCALIZATION_PREFERS_STRING_CATALOGS = YES;
				MTL_ENABLE_DEBUG_INFO = NO;
				MTL_FAST_MATH = YES;
				SDKROOT = iphoneos;
				SWIFT_COMPILATION_MODE = wholemodule;
				VALIDATE_PRODUCT = YES;
			};
			name = Release;
		};
		80A491EC2B208AA300104269 /* Debug */ = {
			isa = XCBuildConfiguration;
			buildSettings = {
				ASSETCATALOG_COMPILER_APPICON_NAME = AppIcon;
				ASSETCATALOG_COMPILER_GLOBAL_ACCENT_COLOR_NAME = AccentColor;
				CODE_SIGN_ENTITLEMENTS = StoryTellingNFC/StoryTellingNFC.entitlements;
				CODE_SIGN_STYLE = Automatic;
				CURRENT_PROJECT_VERSION = 1;
				DEVELOPMENT_ASSET_PATHS = "\"StoryTellingNFC/Preview Content\"";
				DEVELOPMENT_TEAM = R9XJ622U85;
				ENABLE_PREVIEWS = YES;
				GENERATE_INFOPLIST_FILE = YES;
				INFOPLIST_KEY_NFCReaderUsageDescription = "Use to read info";
				INFOPLIST_KEY_UIApplicationSceneManifest_Generation = YES;
				INFOPLIST_KEY_UIApplicationSupportsIndirectInputEvents = YES;
				INFOPLIST_KEY_UILaunchScreen_Generation = YES;
				INFOPLIST_KEY_UISupportedInterfaceOrientations_iPad = "UIInterfaceOrientationPortrait UIInterfaceOrientationPortraitUpsideDown UIInterfaceOrientationLandscapeLeft UIInterfaceOrientationLandscapeRight";
				INFOPLIST_KEY_UISupportedInterfaceOrientations_iPhone = "UIInterfaceOrientationPortrait UIInterfaceOrientationLandscapeLeft UIInterfaceOrientationLandscapeRight";
				IPHONEOS_DEPLOYMENT_TARGET = 16.0;
				LD_RUNPATH_SEARCH_PATHS = (
					"$(inherited)",
					"@executable_path/Frameworks",
				);
				MARKETING_VERSION = 1.0;
				PRODUCT_BUNDLE_IDENTIFIER = nickybreezy.StoryTellingNFC;
				PRODUCT_NAME = "$(TARGET_NAME)";
				SWIFT_EMIT_LOC_STRINGS = YES;
				SWIFT_VERSION = 5.0;
				TARGETED_DEVICE_FAMILY = "1,2";
			};
			name = Debug;
		};
		80A491ED2B208AA300104269 /* Release */ = {
			isa = XCBuildConfiguration;
			buildSettings = {
				ASSETCATALOG_COMPILER_APPICON_NAME = AppIcon;
				ASSETCATALOG_COMPILER_GLOBAL_ACCENT_COLOR_NAME = AccentColor;
				CODE_SIGN_ENTITLEMENTS = StoryTellingNFC/StoryTellingNFC.entitlements;
				CODE_SIGN_STYLE = Automatic;
				CURRENT_PROJECT_VERSION = 1;
				DEVELOPMENT_ASSET_PATHS = "\"StoryTellingNFC/Preview Content\"";
				DEVELOPMENT_TEAM = R9XJ622U85;
				ENABLE_PREVIEWS = YES;
				GENERATE_INFOPLIST_FILE = YES;
				INFOPLIST_KEY_NFCReaderUsageDescription = "Use to read info";
				INFOPLIST_KEY_UIApplicationSceneManifest_Generation = YES;
				INFOPLIST_KEY_UIApplicationSupportsIndirectInputEvents = YES;
				INFOPLIST_KEY_UILaunchScreen_Generation = YES;
				INFOPLIST_KEY_UISupportedInterfaceOrientations_iPad = "UIInterfaceOrientationPortrait UIInterfaceOrientationPortraitUpsideDown UIInterfaceOrientationLandscapeLeft UIInterfaceOrientationLandscapeRight";
				INFOPLIST_KEY_UISupportedInterfaceOrientations_iPhone = "UIInterfaceOrientationPortrait UIInterfaceOrientationLandscapeLeft UIInterfaceOrientationLandscapeRight";
				IPHONEOS_DEPLOYMENT_TARGET = 16.0;
				LD_RUNPATH_SEARCH_PATHS = (
					"$(inherited)",
					"@executable_path/Frameworks",
				);
				MARKETING_VERSION = 1.0;
				PRODUCT_BUNDLE_IDENTIFIER = nickybreezy.StoryTellingNFC;
				PRODUCT_NAME = "$(TARGET_NAME)";
				SWIFT_EMIT_LOC_STRINGS = YES;
				SWIFT_VERSION = 5.0;
				TARGETED_DEVICE_FAMILY = "1,2";
			};
			name = Release;
		};
/* End XCBuildConfiguration section */

/* Begin XCConfigurationList section */
		80A491D82B208AA100104269 /* Build configuration list for PBXProject "StoryTellingNFC" */ = {
			isa = XCConfigurationList;
			buildConfigurations = (
				80A491E92B208AA300104269 /* Debug */,
				80A491EA2B208AA300104269 /* Release */,
			);
			defaultConfigurationIsVisible = 0;
			defaultConfigurationName = Release;
		};
		80A491EB2B208AA300104269 /* Build configuration list for PBXNativeTarget "StoryTellingNFC" */ = {
			isa = XCConfigurationList;
			buildConfigurations = (
				80A491EC2B208AA300104269 /* Debug */,
				80A491ED2B208AA300104269 /* Release */,
			);
			defaultConfigurationIsVisible = 0;
			defaultConfigurationName = Release;
		};
/* End XCConfigurationList section */

/* Begin XCRemoteSwiftPackageReference section */
		80A491EF2B208AE600104269 /* XCRemoteSwiftPackageReference "SwiftNFC" */ = {
			isa = XCRemoteSwiftPackageReference;
			repositoryURL = "https://github.com/1998code/SwiftNFC";
			requirement = {
				kind = upToNextMajorVersion;
				minimumVersion = 1.3.0;
			};
		};
/* End XCRemoteSwiftPackageReference section */

/* Begin XCSwiftPackageProductDependency section */
		80A491F02B208AE600104269 /* SwiftNFC */ = {
			isa = XCSwiftPackageProductDependency;
			package = 80A491EF2B208AE600104269 /* XCRemoteSwiftPackageReference "SwiftNFC" */;
			productName = SwiftNFC;
		};
/* End XCSwiftPackageProductDependency section */
	};
	rootObject = 80A491D52B208AA100104269 /* Project object */;
}
